// !$*UTF8*$!
{
	archiveVersion = 1;
	classes = {
	};
	objectVersion = 55;
	objects = {

/* Begin PBXBuildFile section */
		5922BBD82755565E0029079E /* AppDelegate.swift in Sources */ = {isa = PBXBuildFile; fileRef = 5922BBD72755565E0029079E /* AppDelegate.swift */; };
		5922BBDA2755565E0029079E /* SceneDelegate.swift in Sources */ = {isa = PBXBuildFile; fileRef = 5922BBD92755565E0029079E /* SceneDelegate.swift */; };
		5922BBDC2755565E0029079E /* ViewController.swift in Sources */ = {isa = PBXBuildFile; fileRef = 5922BBDB2755565E0029079E /* ViewController.swift */; };
		5922BBDF2755565E0029079E /* Main.storyboard in Resources */ = {isa = PBXBuildFile; fileRef = 5922BBDD2755565E0029079E /* Main.storyboard */; };
		5922BBE22755565E0029079E /* FinalProject.xcdatamodeld in Sources */ = {isa = PBXBuildFile; fileRef = 5922BBE02755565E0029079E /* FinalProject.xcdatamodeld */; };
		5922BBE4275556600029079E /* Assets.xcassets in Resources */ = {isa = PBXBuildFile; fileRef = 5922BBE3275556600029079E /* Assets.xcassets */; };
		5922BBE7275556600029079E /* LaunchScreen.storyboard in Resources */ = {isa = PBXBuildFile; fileRef = 5922BBE5275556600029079E /* LaunchScreen.storyboard */; };
		5922BBF2275556600029079E /* FinalProjectTests.swift in Sources */ = {isa = PBXBuildFile; fileRef = 5922BBF1275556600029079E /* FinalProjectTests.swift */; };
		5922BBFC275556600029079E /* FinalProjectUITests.swift in Sources */ = {isa = PBXBuildFile; fileRef = 5922BBFB275556600029079E /* FinalProjectUITests.swift */; };
		5922BBFE275556600029079E /* FinalProjectUITestsLaunchTests.swift in Sources */ = {isa = PBXBuildFile; fileRef = 5922BBFD275556600029079E /* FinalProjectUITestsLaunchTests.swift */; };
		5922BC1327555A830029079E /* HowToPlayController.swift in Sources */ = {isa = PBXBuildFile; fileRef = 5922BC1227555A830029079E /* HowToPlayController.swift */; };
		5922BC1527555A980029079E /* GameController.swift in Sources */ = {isa = PBXBuildFile; fileRef = 5922BC1427555A980029079E /* GameController.swift */; };
		5922BC1727555AAD0029079E /* ShopController.swift in Sources */ = {isa = PBXBuildFile; fileRef = 5922BC1627555AAD0029079E /* ShopController.swift */; };
		592888012757F8490011F42F /* CustomCell.swift in Sources */ = {isa = PBXBuildFile; fileRef = 592888002757F8490011F42F /* CustomCell.swift */; };
		59FFFC3A275824A700E1CD7A /* MasterClass.swift in Sources */ = {isa = PBXBuildFile; fileRef = 59FFFC39275824A700E1CD7A /* MasterClass.swift */; };
		59FFFC3E27583D3E00E1CD7A /* trollface-smile.mp3 in Resources */ = {isa = PBXBuildFile; fileRef = 59FFFC3D27583D3D00E1CD7A /* trollface-smile.mp3 */; };
/* End PBXBuildFile section */

/* Begin PBXContainerItemProxy section */
		5922BBEE275556600029079E /* PBXContainerItemProxy */ = {
			isa = PBXContainerItemProxy;
			containerPortal = 5922BBCC2755565E0029079E /* Project object */;
			proxyType = 1;
			remoteGlobalIDString = 5922BBD32755565E0029079E;
			remoteInfo = FinalProject;
		};
		5922BBF8275556600029079E /* PBXContainerItemProxy */ = {
			isa = PBXContainerItemProxy;
			containerPortal = 5922BBCC2755565E0029079E /* Project object */;
			proxyType = 1;
			remoteGlobalIDString = 5922BBD32755565E0029079E;
			remoteInfo = FinalProject;
		};
/* End PBXContainerItemProxy section */

/* Begin PBXFileReference section */
		5922BBD42755565E0029079E /* FinalProject.app */ = {isa = PBXFileReference; explicitFileType = wrapper.application; includeInIndex = 0; path = FinalProject.app; sourceTree = BUILT_PRODUCTS_DIR; };
		5922BBD72755565E0029079E /* AppDelegate.swift */ = {isa = PBXFileReference; lastKnownFileType = sourcecode.swift; path = AppDelegate.swift; sourceTree = "<group>"; };
		5922BBD92755565E0029079E /* SceneDelegate.swift */ = {isa = PBXFileReference; lastKnownFileType = sourcecode.swift; path = SceneDelegate.swift; sourceTree = "<group>"; };
		5922BBDB2755565E0029079E /* ViewController.swift */ = {isa = PBXFileReference; lastKnownFileType = sourcecode.swift; path = ViewController.swift; sourceTree = "<group>"; };
		5922BBDE2755565E0029079E /* Base */ = {isa = PBXFileReference; lastKnownFileType = file.storyboard; name = Base; path = Base.lproj/Main.storyboard; sourceTree = "<group>"; };
		5922BBE12755565E0029079E /* FinalProject.xcdatamodel */ = {isa = PBXFileReference; lastKnownFileType = wrapper.xcdatamodel; path = FinalProject.xcdatamodel; sourceTree = "<group>"; };
		5922BBE3275556600029079E /* Assets.xcassets */ = {isa = PBXFileReference; lastKnownFileType = folder.assetcatalog; path = Assets.xcassets; sourceTree = "<group>"; };
		5922BBE6275556600029079E /* Base */ = {isa = PBXFileReference; lastKnownFileType = file.storyboard; name = Base; path = Base.lproj/LaunchScreen.storyboard; sourceTree = "<group>"; };
		5922BBE8275556600029079E /* Info.plist */ = {isa = PBXFileReference; lastKnownFileType = text.plist.xml; path = Info.plist; sourceTree = "<group>"; };
		5922BBED275556600029079E /* FinalProjectTests.xctest */ = {isa = PBXFileReference; explicitFileType = wrapper.cfbundle; includeInIndex = 0; path = FinalProjectTests.xctest; sourceTree = BUILT_PRODUCTS_DIR; };
		5922BBF1275556600029079E /* FinalProjectTests.swift */ = {isa = PBXFileReference; lastKnownFileType = sourcecode.swift; path = FinalProjectTests.swift; sourceTree = "<group>"; };
		5922BBF7275556600029079E /* FinalProjectUITests.xctest */ = {isa = PBXFileReference; explicitFileType = wrapper.cfbundle; includeInIndex = 0; path = FinalProjectUITests.xctest; sourceTree = BUILT_PRODUCTS_DIR; };
		5922BBFB275556600029079E /* FinalProjectUITests.swift */ = {isa = PBXFileReference; lastKnownFileType = sourcecode.swift; path = FinalProjectUITests.swift; sourceTree = "<group>"; };
		5922BBFD275556600029079E /* FinalProjectUITestsLaunchTests.swift */ = {isa = PBXFileReference; lastKnownFileType = sourcecode.swift; path = FinalProjectUITestsLaunchTests.swift; sourceTree = "<group>"; };
		5922BC1227555A830029079E /* HowToPlayController.swift */ = {isa = PBXFileReference; lastKnownFileType = sourcecode.swift; path = HowToPlayController.swift; sourceTree = "<group>"; };
		5922BC1427555A980029079E /* GameController.swift */ = {isa = PBXFileReference; lastKnownFileType = sourcecode.swift; path = GameController.swift; sourceTree = "<group>"; };
		5922BC1627555AAD0029079E /* ShopController.swift */ = {isa = PBXFileReference; lastKnownFileType = sourcecode.swift; path = ShopController.swift; sourceTree = "<group>"; };
		592888002757F8490011F42F /* CustomCell.swift */ = {isa = PBXFileReference; lastKnownFileType = sourcecode.swift; path = CustomCell.swift; sourceTree = "<group>"; };
		59FFFC39275824A700E1CD7A /* MasterClass.swift */ = {isa = PBXFileReference; lastKnownFileType = sourcecode.swift; path = MasterClass.swift; sourceTree = "<group>"; };
		59FFFC3D27583D3D00E1CD7A /* trollface-smile.mp3 */ = {isa = PBXFileReference; lastKnownFileType = audio.mp3; path = "trollface-smile.mp3"; sourceTree = "<group>"; };
/* End PBXFileReference section */

/* Begin PBXFrameworksBuildPhase section */
		5922BBD12755565E0029079E /* Frameworks */ = {
			isa = PBXFrameworksBuildPhase;
			buildActionMask = 2147483647;
			files = (
			);
			runOnlyForDeploymentPostprocessing = 0;
		};
		5922BBEA275556600029079E /* Frameworks */ = {
			isa = PBXFrameworksBuildPhase;
			buildActionMask = 2147483647;
			files = (
			);
			runOnlyForDeploymentPostprocessing = 0;
		};
		5922BBF4275556600029079E /* Frameworks */ = {
			isa = PBXFrameworksBuildPhase;
			buildActionMask = 2147483647;
			files = (
			);
			runOnlyForDeploymentPostprocessing = 0;
		};
/* End PBXFrameworksBuildPhase section */

/* Begin PBXGroup section */
		5922BBCB2755565E0029079E = {
			isa = PBXGroup;
			children = (
				5922BBD62755565E0029079E /* FinalProject */,
				5922BBF0275556600029079E /* FinalProjectTests */,
				5922BBFA275556600029079E /* FinalProjectUITests */,
				5922BBD52755565E0029079E /* Products */,
			);
			sourceTree = "<group>";
		};
		5922BBD52755565E0029079E /* Products */ = {
			isa = PBXGroup;
			children = (
				5922BBD42755565E0029079E /* FinalProject.app */,
				5922BBED275556600029079E /* FinalProjectTests.xctest */,
				5922BBF7275556600029079E /* FinalProjectUITests.xctest */,
			);
			name = Products;
			sourceTree = "<group>";
		};
		5922BBD62755565E0029079E /* FinalProject */ = {
			isa = PBXGroup;
			children = (
				5922BBD72755565E0029079E /* AppDelegate.swift */,
				5922BBD92755565E0029079E /* SceneDelegate.swift */,
				5922BBDD2755565E0029079E /* Main.storyboard */,
				5922BBDB2755565E0029079E /* ViewController.swift */,
				5922BC1227555A830029079E /* HowToPlayController.swift */,
				5922BC1427555A980029079E /* GameController.swift */,
				5922BC1627555AAD0029079E /* ShopController.swift */,
				5922BBE3275556600029079E /* Assets.xcassets */,
				592888002757F8490011F42F /* CustomCell.swift */,
				59FFFC39275824A700E1CD7A /* MasterClass.swift */,
				5922BBE5275556600029079E /* LaunchScreen.storyboard */,
				5922BBE8275556600029079E /* Info.plist */,
				5922BBE02755565E0029079E /* FinalProject.xcdatamodeld */,
				59FFFC3D27583D3D00E1CD7A /* trollface-smile.mp3 */,
			);
			path = FinalProject;
			sourceTree = "<group>";
		};
		5922BBF0275556600029079E /* FinalProjectTests */ = {
			isa = PBXGroup;
			children = (
				5922BBF1275556600029079E /* FinalProjectTests.swift */,
			);
			path = FinalProjectTests;
			sourceTree = "<group>";
		};
		5922BBFA275556600029079E /* FinalProjectUITests */ = {
			isa = PBXGroup;
			children = (
				5922BBFB275556600029079E /* FinalProjectUITests.swift */,
				5922BBFD275556600029079E /* FinalProjectUITestsLaunchTests.swift */,
			);
			path = FinalProjectUITests;
			sourceTree = "<group>";
		};
/* End PBXGroup section */

/* Begin PBXNativeTarget section */
		5922BBD32755565E0029079E /* FinalProject */ = {
			isa = PBXNativeTarget;
			buildConfigurationList = 5922BC01275556600029079E /* Build configuration list for PBXNativeTarget "FinalProject" */;
			buildPhases = (
				5922BBD02755565E0029079E /* Sources */,
				5922BBD12755565E0029079E /* Frameworks */,
				5922BBD22755565E0029079E /* Resources */,
			);
			buildRules = (
			);
			dependencies = (
			);
			name = FinalProject;
			productName = FinalProject;
			productReference = 5922BBD42755565E0029079E /* FinalProject.app */;
			productType = "com.apple.product-type.application";
		};
		5922BBEC275556600029079E /* FinalProjectTests */ = {
			isa = PBXNativeTarget;
			buildConfigurationList = 5922BC04275556600029079E /* Build configuration list for PBXNativeTarget "FinalProjectTests" */;
			buildPhases = (
				5922BBE9275556600029079E /* Sources */,
				5922BBEA275556600029079E /* Frameworks */,
				5922BBEB275556600029079E /* Resources */,
			);
			buildRules = (
			);
			dependencies = (
				5922BBEF275556600029079E /* PBXTargetDependency */,
			);
			name = FinalProjectTests;
			productName = FinalProjectTests;
			productReference = 5922BBED275556600029079E /* FinalProjectTests.xctest */;
			productType = "com.apple.product-type.bundle.unit-test";
		};
		5922BBF6275556600029079E /* FinalProjectUITests */ = {
			isa = PBXNativeTarget;
			buildConfigurationList = 5922BC07275556600029079E /* Build configuration list for PBXNativeTarget "FinalProjectUITests" */;
			buildPhases = (
				5922BBF3275556600029079E /* Sources */,
				5922BBF4275556600029079E /* Frameworks */,
				5922BBF5275556600029079E /* Resources */,
			);
			buildRules = (
			);
			dependencies = (
				5922BBF9275556600029079E /* PBXTargetDependency */,
			);
			name = FinalProjectUITests;
			productName = FinalProjectUITests;
			productReference = 5922BBF7275556600029079E /* FinalProjectUITests.xctest */;
			productType = "com.apple.product-type.bundle.ui-testing";
		};
/* End PBXNativeTarget section */

/* Begin PBXProject section */
		5922BBCC2755565E0029079E /* Project object */ = {
			isa = PBXProject;
			attributes = {
				BuildIndependentTargetsInParallel = 1;
				LastSwiftUpdateCheck = 1300;
				LastUpgradeCheck = 1300;
				TargetAttributes = {
					5922BBD32755565E0029079E = {
						CreatedOnToolsVersion = 13.0;
					};
					5922BBEC275556600029079E = {
						CreatedOnToolsVersion = 13.0;
						TestTargetID = 5922BBD32755565E0029079E;
					};
					5922BBF6275556600029079E = {
						CreatedOnToolsVersion = 13.0;
						TestTargetID = 5922BBD32755565E0029079E;
					};
				};
			};
			buildConfigurationList = 5922BBCF2755565E0029079E /* Build configuration list for PBXProject "FinalProject" */;
			compatibilityVersion = "Xcode 13.0";
			developmentRegion = en;
			hasScannedForEncodings = 0;
			knownRegions = (
				en,
				Base,
			);
			mainGroup = 5922BBCB2755565E0029079E;
			productRefGroup = 5922BBD52755565E0029079E /* Products */;
			projectDirPath = "";
			projectRoot = "";
			targets = (
				5922BBD32755565E0029079E /* FinalProject */,
				5922BBEC275556600029079E /* FinalProjectTests */,
				5922BBF6275556600029079E /* FinalProjectUITests */,
			);
		};
/* End PBXProject section */

/* Begin PBXResourcesBuildPhase section */
		5922BBD22755565E0029079E /* Resources */ = {
			isa = PBXResourcesBuildPhase;
			buildActionMask = 2147483647;
			files = (
				59FFFC3E27583D3E00E1CD7A /* trollface-smile.mp3 in Resources */,
				5922BBE7275556600029079E /* LaunchScreen.storyboard in Resources */,
				5922BBE4275556600029079E /* Assets.xcassets in Resources */,
				5922BBDF2755565E0029079E /* Main.storyboard in Resources */,
			);
			runOnlyForDeploymentPostprocessing = 0;
		};
		5922BBEB275556600029079E /* Resources */ = {
			isa = PBXResourcesBuildPhase;
			buildActionMask = 2147483647;
			files = (
			);
			runOnlyForDeploymentPostprocessing = 0;
		};
		5922BBF5275556600029079E /* Resources */ = {
			isa = PBXResourcesBuildPhase;
			buildActionMask = 2147483647;
			files = (
			);
			runOnlyForDeploymentPostprocessing = 0;
		};
/* End PBXResourcesBuildPhase section */

/* Begin PBXSourcesBuildPhase section */
		5922BBD02755565E0029079E /* Sources */ = {
			isa = PBXSourcesBuildPhase;
			buildActionMask = 2147483647;
			files = (
				5922BBDC2755565E0029079E /* ViewController.swift in Sources */,
				5922BC1527555A980029079E /* GameController.swift in Sources */,
				5922BC1327555A830029079E /* HowToPlayController.swift in Sources */,
				5922BC1727555AAD0029079E /* ShopController.swift in Sources */,
				5922BBD82755565E0029079E /* AppDelegate.swift in Sources */,
				5922BBE22755565E0029079E /* FinalProject.xcdatamodeld in Sources */,
				592888012757F8490011F42F /* CustomCell.swift in Sources */,
				59FFFC3A275824A700E1CD7A /* MasterClass.swift in Sources */,
				5922BBDA2755565E0029079E /* SceneDelegate.swift in Sources */,
			);
			runOnlyForDeploymentPostprocessing = 0;
		};
		5922BBE9275556600029079E /* Sources */ = {
			isa = PBXSourcesBuildPhase;
			buildActionMask = 2147483647;
			files = (
				5922BBF2275556600029079E /* FinalProjectTests.swift in Sources */,
			);
			runOnlyForDeploymentPostprocessing = 0;
		};
		5922BBF3275556600029079E /* Sources */ = {
			isa = PBXSourcesBuildPhase;
			buildActionMask = 2147483647;
			files = (
				5922BBFC275556600029079E /* FinalProjectUITests.swift in Sources */,
				5922BBFE275556600029079E /* FinalProjectUITestsLaunchTests.swift in Sources */,
			);
			runOnlyForDeploymentPostprocessing = 0;
		};
/* End PBXSourcesBuildPhase section */

/* Begin PBXTargetDependency section */
		5922BBEF275556600029079E /* PBXTargetDependency */ = {
			isa = PBXTargetDependency;
			target = 5922BBD32755565E0029079E /* FinalProject */;
			targetProxy = 5922BBEE275556600029079E /* PBXContainerItemProxy */;
		};
		5922BBF9275556600029079E /* PBXTargetDependency */ = {
			isa = PBXTargetDependency;
			target = 5922BBD32755565E0029079E /* FinalProject */;
			targetProxy = 5922BBF8275556600029079E /* PBXContainerItemProxy */;
		};
/* End PBXTargetDependency section */

/* Begin PBXVariantGroup section */
		5922BBDD2755565E0029079E /* Main.storyboard */ = {
			isa = PBXVariantGroup;
			children = (
				5922BBDE2755565E0029079E /* Base */,
			);
			name = Main.storyboard;
			sourceTree = "<group>";
		};
		5922BBE5275556600029079E /* LaunchScreen.storyboard */ = {
			isa = PBXVariantGroup;
			children = (
				5922BBE6275556600029079E /* Base */,
			);
			name = LaunchScreen.storyboard;
			sourceTree = "<group>";
		};
/* End PBXVariantGroup section */

/* Begin XCBuildConfiguration section */
		5922BBFF275556600029079E /* Debug */ = {
			isa = XCBuildConfiguration;
			buildSettings = {
				ALWAYS_SEARCH_USER_PATHS = NO;
				CLANG_ANALYZER_NONNULL = YES;
				CLANG_ANALYZER_NUMBER_OBJECT_CONVERSION = YES_AGGRESSIVE;
				CLANG_CXX_LANGUAGE_STANDARD = "gnu++17";
				CLANG_CXX_LIBRARY = "libc++";
				CLANG_ENABLE_MODULES = YES;
				CLANG_ENABLE_OBJC_ARC = YES;
				CLANG_ENABLE_OBJC_WEAK = YES;
				CLANG_WARN_BLOCK_CAPTURE_AUTORELEASING = YES;
				CLANG_WARN_BOOL_CONVERSION = YES;
				CLANG_WARN_COMMA = YES;
				CLANG_WARN_CONSTANT_CONVERSION = YES;
				CLANG_WARN_DEPRECATED_OBJC_IMPLEMENTATIONS = YES;
				CLANG_WARN_DIRECT_OBJC_ISA_USAGE = YES_ERROR;
				CLANG_WARN_DOCUMENTATION_COMMENTS = YES;
				CLANG_WARN_EMPTY_BODY = YES;
				CLANG_WARN_ENUM_CONVERSION = YES;
				CLANG_WARN_INFINITE_RECURSION = YES;
				CLANG_WARN_INT_CONVERSION = YES;
				CLANG_WARN_NON_LITERAL_NULL_CONVERSION = YES;
				CLANG_WARN_OBJC_IMPLICIT_RETAIN_SELF = YES;
				CLANG_WARN_OBJC_LITERAL_CONVERSION = YES;
				CLANG_WARN_OBJC_ROOT_CLASS = YES_ERROR;
				CLANG_WARN_QUOTED_INCLUDE_IN_FRAMEWORK_HEADER = YES;
				CLANG_WARN_RANGE_LOOP_ANALYSIS = YES;
				CLANG_WARN_STRICT_PROTOTYPES = YES;
				CLANG_WARN_SUSPICIOUS_MOVE = YES;
				CLANG_WARN_UNGUARDED_AVAILABILITY = YES_AGGRESSIVE;
				CLANG_WARN_UNREACHABLE_CODE = YES;
				CLANG_WARN__DUPLICATE_METHOD_MATCH = YES;
				COPY_PHASE_STRIP = NO;
				DEBUG_INFORMATION_FORMAT = dwarf;
				ENABLE_STRICT_OBJC_MSGSEND = YES;
				ENABLE_TESTABILITY = YES;
				GCC_C_LANGUAGE_STANDARD = gnu11;
				GCC_DYNAMIC_NO_PIC = NO;
				GCC_NO_COMMON_BLOCKS = YES;
				GCC_OPTIMIZATION_LEVEL = 0;
				GCC_PREPROCESSOR_DEFINITIONS = (
					"DEBUG=1",
					"$(inherited)",
				);
				GCC_WARN_64_TO_32_BIT_CONVERSION = YES;
				GCC_WARN_ABOUT_RETURN_TYPE = YES_ERROR;
				GCC_WARN_UNDECLARED_SELECTOR = YES;
				GCC_WARN_UNINITIALIZED_AUTOS = YES_AGGRESSIVE;
				GCC_WARN_UNUSED_FUNCTION = YES;
				GCC_WARN_UNUSED_VARIABLE = YES;
				IPHONEOS_DEPLOYMENT_TARGET = 15.0;
				MTL_ENABLE_DEBUG_INFO = INCLUDE_SOURCE;
				MTL_FAST_MATH = YES;
				ONLY_ACTIVE_ARCH = YES;
				SDKROOT = iphoneos;
				SWIFT_ACTIVE_COMPILATION_CONDITIONS = DEBUG;
				SWIFT_OPTIMIZATION_LEVEL = "-Onone";
			};
			name = Debug;
		};
		5922BC00275556600029079E /* Release */ = {
			isa = XCBuildConfiguration;
			buildSettings = {
				ALWAYS_SEARCH_USER_PATHS = NO;
				CLANG_ANALYZER_NONNULL = YES;
				CLANG_ANALYZER_NUMBER_OBJECT_CONVERSION = YES_AGGRESSIVE;
				CLANG_CXX_LANGUAGE_STANDARD = "gnu++17";
				CLANG_CXX_LIBRARY = "libc++";
				CLANG_ENABLE_MODULES = YES;
				CLANG_ENABLE_OBJC_ARC = YES;
				CLANG_ENABLE_OBJC_WEAK = YES;
				CLANG_WARN_BLOCK_CAPTURE_AUTORELEASING = YES;
				CLANG_WARN_BOOL_CONVERSION = YES;
				CLANG_WARN_COMMA = YES;
				CLANG_WARN_CONSTANT_CONVERSION = YES;
				CLANG_WARN_DEPRECATED_OBJC_IMPLEMENTATIONS = YES;
				CLANG_WARN_DIRECT_OBJC_ISA_USAGE = YES_ERROR;
				CLANG_WARN_DOCUMENTATION_COMMENTS = YES;
				CLANG_WARN_EMPTY_BODY = YES;
				CLANG_WARN_ENUM_CONVERSION = YES;
				CLANG_WARN_INFINITE_RECURSION = YES;
				CLANG_WARN_INT_CONVERSION = YES;
				CLANG_WARN_NON_LITERAL_NULL_CONVERSION = YES;
				CLANG_WARN_OBJC_IMPLICIT_RETAIN_SELF = YES;
				CLANG_WARN_OBJC_LITERAL_CONVERSION = YES;
				CLANG_WARN_OBJC_ROOT_CLASS = YES_ERROR;
				CLANG_WARN_QUOTED_INCLUDE_IN_FRAMEWORK_HEADER = YES;
				CLANG_WARN_RANGE_LOOP_ANALYSIS = YES;
				CLANG_WARN_STRICT_PROTOTYPES = YES;
				CLANG_WARN_SUSPICIOUS_MOVE = YES;
				CLANG_WARN_UNGUARDED_AVAILABILITY = YES_AGGRESSIVE;
				CLANG_WARN_UNREACHABLE_CODE = YES;
				CLANG_WARN__DUPLICATE_METHOD_MATCH = YES;
				COPY_PHASE_STRIP = NO;
				DEBUG_INFORMATION_FORMAT = "dwarf-with-dsym";
				ENABLE_NS_ASSERTIONS = NO;
				ENABLE_STRICT_OBJC_MSGSEND = YES;
				GCC_C_LANGUAGE_STANDARD = gnu11;
				GCC_NO_COMMON_BLOCKS = YES;
				GCC_WARN_64_TO_32_BIT_CONVERSION = YES;
				GCC_WARN_ABOUT_RETURN_TYPE = YES_ERROR;
				GCC_WARN_UNDECLARED_SELECTOR = YES;
				GCC_WARN_UNINITIALIZED_AUTOS = YES_AGGRESSIVE;
				GCC_WARN_UNUSED_FUNCTION = YES;
				GCC_WARN_UNUSED_VARIABLE = YES;
				IPHONEOS_DEPLOYMENT_TARGET = 15.0;
				MTL_ENABLE_DEBUG_INFO = NO;
				MTL_FAST_MATH = YES;
				SDKROOT = iphoneos;
				SWIFT_COMPILATION_MODE = wholemodule;
				SWIFT_OPTIMIZATION_LEVEL = "-O";
				VALIDATE_PRODUCT = YES;
			};
			name = Release;
		};
		5922BC02275556600029079E /* Debug */ = {
			isa = XCBuildConfiguration;
			buildSettings = {
				ASSETCATALOG_COMPILER_APPICON_NAME = AppIcon;
				ASSETCATALOG_COMPILER_GLOBAL_ACCENT_COLOR_NAME = AccentColor;
				CODE_SIGN_STYLE = Automatic;
				CURRENT_PROJECT_VERSION = 1;
				DEVELOPMENT_TEAM = P2ZA67AVPM;
				GENERATE_INFOPLIST_FILE = YES;
				INFOPLIST_FILE = FinalProject/Info.plist;
				INFOPLIST_KEY_UIApplicationSupportsIndirectInputEvents = YES;
				INFOPLIST_KEY_UILaunchStoryboardName = LaunchScreen;
				INFOPLIST_KEY_UIMainStoryboardFile = Main;
				INFOPLIST_KEY_UISupportedInterfaceOrientations_iPad = "UIInterfaceOrientationPortrait UIInterfaceOrientationPortraitUpsideDown UIInterfaceOrientationLandscapeLeft UIInterfaceOrientationLandscapeRight";
				INFOPLIST_KEY_UISupportedInterfaceOrientations_iPhone = "UIInterfaceOrientationPortrait UIInterfaceOrientationLandscapeLeft UIInterfaceOrientationLandscapeRight";
				LD_RUNPATH_SEARCH_PATHS = (
					"$(inherited)",
					"@executable_path/Frameworks",
				);
				MARKETING_VERSION = 1.0;
				PRODUCT_BUNDLE_IDENTIFIER = CLC.FinalProject;
				PRODUCT_NAME = "$(TARGET_NAME)";
				SWIFT_EMIT_LOC_STRINGS = YES;
				SWIFT_VERSION = 5.0;
				TARGETED_DEVICE_FAMILY = "1,2";
			};
			name = Debug;
		};
		5922BC03275556600029079E /* Release */ = {
			isa = XCBuildConfiguration;
			buildSettings = {
				ASSETCATALOG_COMPILER_APPICON_NAME = AppIcon;
				ASSETCATALOG_COMPILER_GLOBAL_ACCENT_COLOR_NAME = AccentColor;
				CODE_SIGN_STYLE = Automatic;
				CURRENT_PROJECT_VERSION = 1;
				DEVELOPMENT_TEAM = P2ZA67AVPM;
				GENERATE_INFOPLIST_FILE = YES;
				INFOPLIST_FILE = FinalProject/Info.plist;
				INFOPLIST_KEY_UIApplicationSupportsIndirectInputEvents = YES;
				INFOPLIST_KEY_UILaunchStoryboardName = LaunchScreen;
				INFOPLIST_KEY_UIMainStoryboardFile = Main;
				INFOPLIST_KEY_UISupportedInterfaceOrientations_iPad = "UIInterfaceOrientationPortrait UIInterfaceOrientationPortraitUpsideDown UIInterfaceOrientationLandscapeLeft UIInterfaceOrientationLandscapeRight";
				INFOPLIST_KEY_UISupportedInterfaceOrientations_iPhone = "UIInterfaceOrientationPortrait UIInterfaceOrientationLandscapeLeft UIInterfaceOrientationLandscapeRight";
				LD_RUNPATH_SEARCH_PATHS = (
					"$(inherited)",
					"@executable_path/Frameworks",
				);
				MARKETING_VERSION = 1.0;
				PRODUCT_BUNDLE_IDENTIFIER = CLC.FinalProject;
				PRODUCT_NAME = "$(TARGET_NAME)";
				SWIFT_EMIT_LOC_STRINGS = YES;
				SWIFT_VERSION = 5.0;
				TARGETED_DEVICE_FAMILY = "1,2";
			};
			name = Release;
		};
		5922BC05275556600029079E /* Debug */ = {
			isa = XCBuildConfiguration;
			buildSettings = {
				ALWAYS_EMBED_SWIFT_STANDARD_LIBRARIES = YES;
				BUNDLE_LOADER = "$(TEST_HOST)";
				CODE_SIGN_STYLE = Automatic;
				CURRENT_PROJECT_VERSION = 1;
				DEVELOPMENT_TEAM = P2ZA67AVPM;
				GENERATE_INFOPLIST_FILE = YES;
				IPHONEOS_DEPLOYMENT_TARGET = 15.0;
				LD_RUNPATH_SEARCH_PATHS = (
					"$(inherited)",
					"@executable_path/Frameworks",
					"@loader_path/Frameworks",
				);
				MARKETING_VERSION = 1.0;
				PRODUCT_BUNDLE_IDENTIFIER = CLC.FinalProjectTests;
				PRODUCT_NAME = "$(TARGET_NAME)";
				SWIFT_EMIT_LOC_STRINGS = NO;
				SWIFT_VERSION = 5.0;
				TARGETED_DEVICE_FAMILY = "1,2";
				TEST_HOST = "$(BUILT_PRODUCTS_DIR)/FinalProject.app/FinalProject";
			};
			name = Debug;
		};
		5922BC06275556600029079E /* Release */ = {
			isa = XCBuildConfiguration;
			buildSettings = {
				ALWAYS_EMBED_SWIFT_STANDARD_LIBRARIES = YES;
				BUNDLE_LOADER = "$(TEST_HOST)";
				CODE_SIGN_STYLE = Automatic;
				CURRENT_PROJECT_VERSION = 1;
				DEVELOPMENT_TEAM = P2ZA67AVPM;
				GENERATE_INFOPLIST_FILE = YES;
				IPHONEOS_DEPLOYMENT_TARGET = 15.0;
				LD_RUNPATH_SEARCH_PATHS = (
					"$(inherited)",
					"@executable_path/Frameworks",
					"@loader_path/Frameworks",
				);
				MARKETING_VERSION = 1.0;
				PRODUCT_BUNDLE_IDENTIFIER = CLC.FinalProjectTests;
				PRODUCT_NAME = "$(TARGET_NAME)";
				SWIFT_EMIT_LOC_STRINGS = NO;
				SWIFT_VERSION = 5.0;
				TARGETED_DEVICE_FAMILY = "1,2";
				TEST_HOST = "$(BUILT_PRODUCTS_DIR)/FinalProject.app/FinalProject";
			};
			name = Release;
		};
		5922BC08275556600029079E /* Debug */ = {
			isa = XCBuildConfiguration;
			buildSettings = {
				ALWAYS_EMBED_SWIFT_STANDARD_LIBRARIES = YES;
				CODE_SIGN_STYLE = Automatic;
				CURRENT_PROJECT_VERSION = 1;
				DEVELOPMENT_TEAM = P2ZA67AVPM;
				GENERATE_INFOPLIST_FILE = YES;
				LD_RUNPATH_SEARCH_PATHS = (
					"$(inherited)",
					"@executable_path/Frameworks",
					"@loader_path/Frameworks",
				);
				MARKETING_VERSION = 1.0;
				PRODUCT_BUNDLE_IDENTIFIER = CLC.FinalProjectUITests;
				PRODUCT_NAME = "$(TARGET_NAME)";
				SWIFT_EMIT_LOC_STRINGS = NO;
				SWIFT_VERSION = 5.0;
				TARGETED_DEVICE_FAMILY = "1,2";
				TEST_TARGET_NAME = FinalProject;
			};
			name = Debug;
		};
		5922BC09275556600029079E /* Release */ = {
			isa = XCBuildConfiguration;
			buildSettings = {
				ALWAYS_EMBED_SWIFT_STANDARD_LIBRARIES = YES;
				CODE_SIGN_STYLE = Automatic;
				CURRENT_PROJECT_VERSION = 1;
				DEVELOPMENT_TEAM = P2ZA67AVPM;
				GENERATE_INFOPLIST_FILE = YES;
				LD_RUNPATH_SEARCH_PATHS = (
					"$(inherited)",
					"@executable_path/Frameworks",
					"@loader_path/Frameworks",
				);
				MARKETING_VERSION = 1.0;
				PRODUCT_BUNDLE_IDENTIFIER = CLC.FinalProjectUITests;
				PRODUCT_NAME = "$(TARGET_NAME)";
				SWIFT_EMIT_LOC_STRINGS = NO;
				SWIFT_VERSION = 5.0;
				TARGETED_DEVICE_FAMILY = "1,2";
				TEST_TARGET_NAME = FinalProject;
			};
			name = Release;
		};
/* End XCBuildConfiguration section */

/* Begin XCConfigurationList section */
		5922BBCF2755565E0029079E /* Build configuration list for PBXProject "FinalProject" */ = {
			isa = XCConfigurationList;
			buildConfigurations = (
				5922BBFF275556600029079E /* Debug */,
				5922BC00275556600029079E /* Release */,
			);
			defaultConfigurationIsVisible = 0;
			defaultConfigurationName = Release;
		};
		5922BC01275556600029079E /* Build configuration list for PBXNativeTarget "FinalProject" */ = {
			isa = XCConfigurationList;
			buildConfigurations = (
				5922BC02275556600029079E /* Debug */,
				5922BC03275556600029079E /* Release */,
			);
			defaultConfigurationIsVisible = 0;
			defaultConfigurationName = Release;
		};
		5922BC04275556600029079E /* Build configuration list for PBXNativeTarget "FinalProjectTests" */ = {
			isa = XCConfigurationList;
			buildConfigurations = (
				5922BC05275556600029079E /* Debug */,
				5922BC06275556600029079E /* Release */,
			);
			defaultConfigurationIsVisible = 0;
			defaultConfigurationName = Release;
		};
		5922BC07275556600029079E /* Build configuration list for PBXNativeTarget "FinalProjectUITests" */ = {
			isa = XCConfigurationList;
			buildConfigurations = (
				5922BC08275556600029079E /* Debug */,
				5922BC09275556600029079E /* Release */,
			);
			defaultConfigurationIsVisible = 0;
			defaultConfigurationName = Release;
		};
/* End XCConfigurationList section */

/* Begin XCVersionGroup section */
		5922BBE02755565E0029079E /* FinalProject.xcdatamodeld */ = {
			isa = XCVersionGroup;
			children = (
				5922BBE12755565E0029079E /* FinalProject.xcdatamodel */,
			);
			currentVersion = 5922BBE12755565E0029079E /* FinalProject.xcdatamodel */;
			path = FinalProject.xcdatamodeld;
			sourceTree = "<group>";
			versionGroupType = wrapper.xcdatamodel;
		};
/* End XCVersionGroup section */
	};
	rootObject = 5922BBCC2755565E0029079E /* Project object */;
}
